NeoBundleLock VimClojure 2a17c249571395a7f45523d38cac6a9326ecf8f1
NeoBundleLock emmet-vim 350f0ba10b9ee65837fc5b04a993b14a7a10e5ac
NeoBundleLock lightline.vim 78c43c144643e49c529a93b9eaa4eda12614f923
NeoBundleLock molokai c67bdfcdb31415aa0ade7f8c003261700a885476
NeoBundleLock neobundle.vim 26d03781886ed887e390d4ad8b935987754b1c2c
NeoBundleLock neocomplcache 778181767467b8f8016828898779a646074d883a
NeoBundleLock neosnippet 8cf286e3bf7a5fc859f4c5f1bef52c351f24fefa
NeoBundleLock syntastic e3a819c7cb3bf4397b0693303a247439668726f1
NeoBundleLock unite-colorscheme 505157450fe1a967c6c044d3bfe18d896e3d5d08
NeoBundleLock unite.vim cc0af4798f91e1c3a4a78ae028a3ac3e61d25eb3
NeoBundleLock vim-slime e58486b791e6e1126ffd46d4ef634b8fef104f7f
NeoBundleLock vim-textmanip 2c2b23cae19eef5e634fa4a3efdf7081363d65a0
NeoBundleLock vimfiler.vim 0c0c1840874713bdca4a61713d9550902038ab69
NeoBundleLock vimproc 2300224d366642f4f8d6f88861535d4ccbe20143
NeoBundleLock vimshell d0c5bef010237855b4de25863bc54895effe5d7a
